{
    "_readme": [
        "This file locks the dependencies of your project to a known state",
        "Read more about it at https://getcomposer.org/doc/01-basic-usage.md#composer-lock-the-lock-file",
        "This file is @generated automatically"
    ],
    "hash": "f8d4ced2cd34d9fb54245efc9560f621",
    "content-hash": "645a1a019c8eb044491f23c29e4b45d6",
    "packages": [
        {
            "name": "jamesmoss/flywheel",
            "version": "0.5.2",
            "source": {
                "type": "git",
                "url": "https://github.com/jamesmoss/flywheel.git",
                "reference": "869eced5f6b7b11599aa96b753e3540054ca85de"
            },
            "dist": {
                "type": "zip",
                "url": "https://api.github.com/repos/jamesmoss/flywheel/zipball/869eced5f6b7b11599aa96b753e3540054ca85de",
                "reference": "869eced5f6b7b11599aa96b753e3540054ca85de",
                "shasum": ""
            },
            "require": {
                "php": ">=5.3.2"
            },
            "require-dev": {
                "mikey179/vfsstream": "1.2.0",
                "mockery/mockery": "dev-master@dev",
                "mustangostang/spyc": "0.5.*@dev",
                "phpunit/phpunit": "3.7.*"
            },
            "suggest": {
                "mustangostang/spyc": "You must install this if you're using the YAML or Markdown formatters."
            },
            "type": "library",
            "autoload": {
                "psr-0": {
                    "JamesMoss\\Flywheel\\": [
                        "src/",
                        "test/"
                    ]
                }
            },
            "notification-url": "https://packagist.org/downloads/",
            "license": [
                "MIT"
            ],
            "authors": [
                {
                    "name": "James Moss",
                    "email": "james@moss.io",
                    "homepage": "http://moss.io"
                }
            ],
            "description": "A lightweight, flat-file, document database",
            "homepage": "http://github.com/jamesmoss/flywheel",
            "keywords": [
                "db",
                "document",
                "file",
                "flat"
            ],
            "time": "2017-01-31 09:48:58"
        },
        {
            "name": "mpratt/relativetime",
            "version": "1.5.4",
            "source": {
                "type": "git",
                "url": "https://github.com/mpratt/RelativeTime.git",
                "reference": "3dc1efd96c8edbd0fe9e5cdb423ca31428b9dbb7"
            },
            "dist": {
                "type": "zip",
                "url": "https://api.github.com/repos/mpratt/RelativeTime/zipball/3dc1efd96c8edbd0fe9e5cdb423ca31428b9dbb7",
                "reference": "3dc1efd96c8edbd0fe9e5cdb423ca31428b9dbb7",
                "shasum": ""
            },
            "require": {
                "php": ">=5.3"
            },
            "type": "library",
            "autoload": {
                "psr-0": {
                    "RelativeTime": "Lib/"
                }
            },
            "notification-url": "https://packagist.org/downloads/",
            "license": [
                "MIT"
            ],
            "authors": [
                {
                    "name": "Michael Pratt",
                    "email": "pratt@hablarmierda.net",
                    "homepage": "http://www.michael-pratt.com",
                    "role": "Author/Developer"
                }
            ],
            "description": "A library that calculates the time difference between two dates and returns the result in words (Example: 5 minutes ago or 5 Minutes left). The library supports other languages aswell like Spanish and German.",
            "homepage": "https://github.com/mpratt/RelativeTime",
            "keywords": [
                "ago",
                "date",
                "future",
                "interval",
                "relative",
                "time",
                "time-ago"
            ],
            "time": "2015-12-24 12:43:04"
        }
    ],
    "packages-dev": [],
    "aliases": [],
    "minimum-stability": "stable",
    "stability-flags": [],
    "prefer-stable": false,
    "prefer-lowest": false,
    "platform": [],
    "platform-dev": []
}
